// !$*UTF8*$!
{
	archiveVersion = 1;
	classes = {
	};
	objectVersion = 55;
	objects = {

/* Begin PBXBuildFile section */
		1737A6F327ECECAB00DB1EE6 /* TimerService.swift in Sources */ = {isa = PBXBuildFile; fileRef = 1737A6F227ECECAB00DB1EE6 /* TimerService.swift */; };
		1737A6F427ECECAB00DB1EE6 /* TimerService.swift in Sources */ = {isa = PBXBuildFile; fileRef = 1737A6F227ECECAB00DB1EE6 /* TimerService.swift */; };
		17471E4527ECC3FF005A6E28 /* Tests_iOS.swift in Sources */ = {isa = PBXBuildFile; fileRef = 17471E4427ECC3FF005A6E28 /* Tests_iOS.swift */; };
		17471E4727ECC3FF005A6E28 /* Tests_iOSLaunchTests.swift in Sources */ = {isa = PBXBuildFile; fileRef = 17471E4627ECC3FF005A6E28 /* Tests_iOSLaunchTests.swift */; };
		17471E5127ECC3FF005A6E28 /* Tests_macOS.swift in Sources */ = {isa = PBXBuildFile; fileRef = 17471E5027ECC3FF005A6E28 /* Tests_macOS.swift */; };
		17471E5327ECC3FF005A6E28 /* Tests_macOSLaunchTests.swift in Sources */ = {isa = PBXBuildFile; fileRef = 17471E5227ECC3FF005A6E28 /* Tests_macOSLaunchTests.swift */; };
		17471E5427ECC3FF005A6E28 /* TimerIntervalApp.swift in Sources */ = {isa = PBXBuildFile; fileRef = 17471E2C27ECC3FE005A6E28 /* TimerIntervalApp.swift */; };
		17471E5527ECC3FF005A6E28 /* TimerIntervalApp.swift in Sources */ = {isa = PBXBuildFile; fileRef = 17471E2C27ECC3FE005A6E28 /* TimerIntervalApp.swift */; };
		17471E5627ECC3FF005A6E28 /* TimerView.swift in Sources */ = {isa = PBXBuildFile; fileRef = 17471E2D27ECC3FE005A6E28 /* TimerView.swift */; };
		17471E5727ECC3FF005A6E28 /* TimerView.swift in Sources */ = {isa = PBXBuildFile; fileRef = 17471E2D27ECC3FE005A6E28 /* TimerView.swift */; };
		17471E5827ECC3FF005A6E28 /* Assets.xcassets in Resources */ = {isa = PBXBuildFile; fileRef = 17471E2E27ECC3FF005A6E28 /* Assets.xcassets */; };
		17471E5927ECC3FF005A6E28 /* Assets.xcassets in Resources */ = {isa = PBXBuildFile; fileRef = 17471E2E27ECC3FF005A6E28 /* Assets.xcassets */; };
/* End PBXBuildFile section */

/* Begin PBXContainerItemProxy section */
		17471E4127ECC3FF005A6E28 /* PBXContainerItemProxy */ = {
			isa = PBXContainerItemProxy;
			containerPortal = 17471E2727ECC3FE005A6E28 /* Project object */;
			proxyType = 1;
			remoteGlobalIDString = 17471E3227ECC3FF005A6E28;
			remoteInfo = "TimerInterval (iOS)";
		};
		17471E4D27ECC3FF005A6E28 /* PBXContainerItemProxy */ = {
			isa = PBXContainerItemProxy;
			containerPortal = 17471E2727ECC3FE005A6E28 /* Project object */;
			proxyType = 1;
			remoteGlobalIDString = 17471E3827ECC3FF005A6E28;
			remoteInfo = "TimerInterval (macOS)";
		};
/* End PBXContainerItemProxy section */

/* Begin PBXFileReference section */
		1737A6F227ECECAB00DB1EE6 /* TimerService.swift */ = {isa = PBXFileReference; lastKnownFileType = sourcecode.swift; path = TimerService.swift; sourceTree = "<group>"; };
		17471E2C27ECC3FE005A6E28 /* TimerIntervalApp.swift */ = {isa = PBXFileReference; lastKnownFileType = sourcecode.swift; path = TimerIntervalApp.swift; sourceTree = "<group>"; };
		17471E2D27ECC3FE005A6E28 /* TimerView.swift */ = {isa = PBXFileReference; lastKnownFileType = sourcecode.swift; path = TimerView.swift; sourceTree = "<group>"; };
		17471E2E27ECC3FF005A6E28 /* Assets.xcassets */ = {isa = PBXFileReference; lastKnownFileType = folder.assetcatalog; path = Assets.xcassets; sourceTree = "<group>"; };
		17471E3327ECC3FF005A6E28 /* TimerInterval.app */ = {isa = PBXFileReference; explicitFileType = wrapper.application; includeInIndex = 0; path = TimerInterval.app; sourceTree = BUILT_PRODUCTS_DIR; };
		17471E3927ECC3FF005A6E28 /* TimerInterval.app */ = {isa = PBXFileReference; explicitFileType = wrapper.application; includeInIndex = 0; path = TimerInterval.app; sourceTree = BUILT_PRODUCTS_DIR; };
		17471E3B27ECC3FF005A6E28 /* macOS.entitlements */ = {isa = PBXFileReference; lastKnownFileType = text.plist.entitlements; path = macOS.entitlements; sourceTree = "<group>"; };
		17471E4027ECC3FF005A6E28 /* Tests iOS.xctest */ = {isa = PBXFileReference; explicitFileType = wrapper.cfbundle; includeInIndex = 0; path = "Tests iOS.xctest"; sourceTree = BUILT_PRODUCTS_DIR; };
		17471E4427ECC3FF005A6E28 /* Tests_iOS.swift */ = {isa = PBXFileReference; lastKnownFileType = sourcecode.swift; path = Tests_iOS.swift; sourceTree = "<group>"; };
		17471E4627ECC3FF005A6E28 /* Tests_iOSLaunchTests.swift */ = {isa = PBXFileReference; lastKnownFileType = sourcecode.swift; path = Tests_iOSLaunchTests.swift; sourceTree = "<group>"; };
		17471E4C27ECC3FF005A6E28 /* Tests macOS.xctest */ = {isa = PBXFileReference; explicitFileType = wrapper.cfbundle; includeInIndex = 0; path = "Tests macOS.xctest"; sourceTree = BUILT_PRODUCTS_DIR; };
		17471E5027ECC3FF005A6E28 /* Tests_macOS.swift */ = {isa = PBXFileReference; lastKnownFileType = sourcecode.swift; path = Tests_macOS.swift; sourceTree = "<group>"; };
		17471E5227ECC3FF005A6E28 /* Tests_macOSLaunchTests.swift */ = {isa = PBXFileReference; lastKnownFileType = sourcecode.swift; path = Tests_macOSLaunchTests.swift; sourceTree = "<group>"; };
/* End PBXFileReference section */

/* Begin PBXFrameworksBuildPhase section */
		17471E3027ECC3FF005A6E28 /* Frameworks */ = {
			isa = PBXFrameworksBuildPhase;
			buildActionMask = 2147483647;
			files = (
			);
			runOnlyForDeploymentPostprocessing = 0;
		};
		17471E3627ECC3FF005A6E28 /* Frameworks */ = {
			isa = PBXFrameworksBuildPhase;
			buildActionMask = 2147483647;
			files = (
			);
			runOnlyForDeploymentPostprocessing = 0;
		};
		17471E3D27ECC3FF005A6E28 /* Frameworks */ = {
			isa = PBXFrameworksBuildPhase;
			buildActionMask = 2147483647;
			files = (
			);
			runOnlyForDeploymentPostprocessing = 0;
		};
		17471E4927ECC3FF005A6E28 /* Frameworks */ = {
			isa = PBXFrameworksBuildPhase;
			buildActionMask = 2147483647;
			files = (
			);
			runOnlyForDeploymentPostprocessing = 0;
		};
/* End PBXFrameworksBuildPhase section */

/* Begin PBXGroup section */
		17471E2627ECC3FE005A6E28 = {
			isa = PBXGroup;
			children = (
				17471E2B27ECC3FE005A6E28 /* Shared */,
				17471E3A27ECC3FF005A6E28 /* macOS */,
				17471E4327ECC3FF005A6E28 /* Tests iOS */,
				17471E4F27ECC3FF005A6E28 /* Tests macOS */,
				17471E3427ECC3FF005A6E28 /* Products */,
			);
			sourceTree = "<group>";
		};
		17471E2B27ECC3FE005A6E28 /* Shared */ = {
			isa = PBXGroup;
			children = (
				17471E2C27ECC3FE005A6E28 /* TimerIntervalApp.swift */,
				17471E2D27ECC3FE005A6E28 /* TimerView.swift */,
				17471E2E27ECC3FF005A6E28 /* Assets.xcassets */,
				1737A6F227ECECAB00DB1EE6 /* TimerService.swift */,
			);
			path = Shared;
			sourceTree = "<group>";
		};
		17471E3427ECC3FF005A6E28 /* Products */ = {
			isa = PBXGroup;
			children = (
				17471E3327ECC3FF005A6E28 /* TimerInterval.app */,
				17471E3927ECC3FF005A6E28 /* TimerInterval.app */,
				17471E4027ECC3FF005A6E28 /* Tests iOS.xctest */,
				17471E4C27ECC3FF005A6E28 /* Tests macOS.xctest */,
			);
			name = Products;
			sourceTree = "<group>";
		};
		17471E3A27ECC3FF005A6E28 /* macOS */ = {
			isa = PBXGroup;
			children = (
				17471E3B27ECC3FF005A6E28 /* macOS.entitlements */,
			);
			path = macOS;
			sourceTree = "<group>";
		};
		17471E4327ECC3FF005A6E28 /* Tests iOS */ = {
			isa = PBXGroup;
			children = (
				17471E4427ECC3FF005A6E28 /* Tests_iOS.swift */,
				17471E4627ECC3FF005A6E28 /* Tests_iOSLaunchTests.swift */,
			);
			path = "Tests iOS";
			sourceTree = "<group>";
		};
		17471E4F27ECC3FF005A6E28 /* Tests macOS */ = {
			isa = PBXGroup;
			children = (
				17471E5027ECC3FF005A6E28 /* Tests_macOS.swift */,
				17471E5227ECC3FF005A6E28 /* Tests_macOSLaunchTests.swift */,
			);
			path = "Tests macOS";
			sourceTree = "<group>";
		};
/* End PBXGroup section */

/* Begin PBXNativeTarget section */
		17471E3227ECC3FF005A6E28 /* TimerInterval (iOS) */ = {
			isa = PBXNativeTarget;
			buildConfigurationList = 17471E5C27ECC3FF005A6E28 /* Build configuration list for PBXNativeTarget "TimerInterval (iOS)" */;
			buildPhases = (
				17471E2F27ECC3FF005A6E28 /* Sources */,
				17471E3027ECC3FF005A6E28 /* Frameworks */,
				17471E3127ECC3FF005A6E28 /* Resources */,
			);
			buildRules = (
			);
			dependencies = (
			);
			name = "TimerInterval (iOS)";
			productName = "TimerInterval (iOS)";
			productReference = 17471E3327ECC3FF005A6E28 /* TimerInterval.app */;
			productType = "com.apple.product-type.application";
		};
		17471E3827ECC3FF005A6E28 /* TimerInterval (macOS) */ = {
			isa = PBXNativeTarget;
			buildConfigurationList = 17471E5F27ECC3FF005A6E28 /* Build configuration list for PBXNativeTarget "TimerInterval (macOS)" */;
			buildPhases = (
				17471E3527ECC3FF005A6E28 /* Sources */,
				17471E3627ECC3FF005A6E28 /* Frameworks */,
				17471E3727ECC3FF005A6E28 /* Resources */,
			);
			buildRules = (
			);
			dependencies = (
			);
			name = "TimerInterval (macOS)";
			productName = "TimerInterval (macOS)";
			productReference = 17471E3927ECC3FF005A6E28 /* TimerInterval.app */;
			productType = "com.apple.product-type.application";
		};
		17471E3F27ECC3FF005A6E28 /* Tests iOS */ = {
			isa = PBXNativeTarget;
			buildConfigurationList = 17471E6227ECC3FF005A6E28 /* Build configuration list for PBXNativeTarget "Tests iOS" */;
			buildPhases = (
				17471E3C27ECC3FF005A6E28 /* Sources */,
				17471E3D27ECC3FF005A6E28 /* Frameworks */,
				17471E3E27ECC3FF005A6E28 /* Resources */,
			);
			buildRules = (
			);
			dependencies = (
				17471E4227ECC3FF005A6E28 /* PBXTargetDependency */,
			);
			name = "Tests iOS";
			productName = "Tests iOS";
			productReference = 17471E4027ECC3FF005A6E28 /* Tests iOS.xctest */;
			productType = "com.apple.product-type.bundle.ui-testing";
		};
		17471E4B27ECC3FF005A6E28 /* Tests macOS */ = {
			isa = PBXNativeTarget;
			buildConfigurationList = 17471E6527ECC3FF005A6E28 /* Build configuration list for PBXNativeTarget "Tests macOS" */;
			buildPhases = (
				17471E4827ECC3FF005A6E28 /* Sources */,
				17471E4927ECC3FF005A6E28 /* Frameworks */,
				17471E4A27ECC3FF005A6E28 /* Resources */,
			);
			buildRules = (
			);
			dependencies = (
				17471E4E27ECC3FF005A6E28 /* PBXTargetDependency */,
			);
			name = "Tests macOS";
			productName = "Tests macOS";
			productReference = 17471E4C27ECC3FF005A6E28 /* Tests macOS.xctest */;
			productType = "com.apple.product-type.bundle.ui-testing";
		};
/* End PBXNativeTarget section */

/* Begin PBXProject section */
		17471E2727ECC3FE005A6E28 /* Project object */ = {
			isa = PBXProject;
			attributes = {
				BuildIndependentTargetsInParallel = 1;
				LastSwiftUpdateCheck = 1330;
				LastUpgradeCheck = 1330;
				TargetAttributes = {
					17471E3227ECC3FF005A6E28 = {
						CreatedOnToolsVersion = 13.3;
					};
					17471E3827ECC3FF005A6E28 = {
						CreatedOnToolsVersion = 13.3;
					};
					17471E3F27ECC3FF005A6E28 = {
						CreatedOnToolsVersion = 13.3;
						TestTargetID = 17471E3227ECC3FF005A6E28;
					};
					17471E4B27ECC3FF005A6E28 = {
						CreatedOnToolsVersion = 13.3;
						TestTargetID = 17471E3827ECC3FF005A6E28;
					};
				};
			};
			buildConfigurationList = 17471E2A27ECC3FE005A6E28 /* Build configuration list for PBXProject "TimerInterval" */;
			compatibilityVersion = "Xcode 13.0";
			developmentRegion = en;
			hasScannedForEncodings = 0;
			knownRegions = (
				en,
				Base,
			);
			mainGroup = 17471E2627ECC3FE005A6E28;
			productRefGroup = 17471E3427ECC3FF005A6E28 /* Products */;
			projectDirPath = "";
			projectRoot = "";
			targets = (
				17471E3227ECC3FF005A6E28 /* TimerInterval (iOS) */,
				17471E3827ECC3FF005A6E28 /* TimerInterval (macOS) */,
				17471E3F27ECC3FF005A6E28 /* Tests iOS */,
				17471E4B27ECC3FF005A6E28 /* Tests macOS */,
			);
		};
/* End PBXProject section */

/* Begin PBXResourcesBuildPhase section */
		17471E3127ECC3FF005A6E28 /* Resources */ = {
			isa = PBXResourcesBuildPhase;
			buildActionMask = 2147483647;
			files = (
				17471E5827ECC3FF005A6E28 /* Assets.xcassets in Resources */,
			);
			runOnlyForDeploymentPostprocessing = 0;
		};
		17471E3727ECC3FF005A6E28 /* Resources */ = {
			isa = PBXResourcesBuildPhase;
			buildActionMask = 2147483647;
			files = (
				17471E5927ECC3FF005A6E28 /* Assets.xcassets in Resources */,
			);
			runOnlyForDeploymentPostprocessing = 0;
		};
		17471E3E27ECC3FF005A6E28 /* Resources */ = {
			isa = PBXResourcesBuildPhase;
			buildActionMask = 2147483647;
			files = (
			);
			runOnlyForDeploymentPostprocessing = 0;
		};
		17471E4A27ECC3FF005A6E28 /* Resources */ = {
			isa = PBXResourcesBuildPhase;
			buildActionMask = 2147483647;
			files = (
			);
			runOnlyForDeploymentPostprocessing = 0;
		};
/* End PBXResourcesBuildPhase section */

/* Begin PBXSourcesBuildPhase section */
		17471E2F27ECC3FF005A6E28 /* Sources */ = {
			isa = PBXSourcesBuildPhase;
			buildActionMask = 2147483647;
			files = (
				1737A6F327ECECAB00DB1EE6 /* TimerService.swift in Sources */,
				17471E5627ECC3FF005A6E28 /* TimerView.swift in Sources */,
				17471E5427ECC3FF005A6E28 /* TimerIntervalApp.swift in Sources */,
			);
			runOnlyForDeploymentPostprocessing = 0;
		};
		17471E3527ECC3FF005A6E28 /* Sources */ = {
			isa = PBXSourcesBuildPhase;
			buildActionMask = 2147483647;
			files = (
				1737A6F427ECECAB00DB1EE6 /* TimerService.swift in Sources */,
				17471E5727ECC3FF005A6E28 /* TimerView.swift in Sources */,
				17471E5527ECC3FF005A6E28 /* TimerIntervalApp.swift in Sources */,
			);
			runOnlyForDeploymentPostprocessing = 0;
		};
		17471E3C27ECC3FF005A6E28 /* Sources */ = {
			isa = PBXSourcesBuildPhase;
			buildActionMask = 2147483647;
			files = (
				17471E4727ECC3FF005A6E28 /* Tests_iOSLaunchTests.swift in Sources */,
				17471E4527ECC3FF005A6E28 /* Tests_iOS.swift in Sources */,
			);
			runOnlyForDeploymentPostprocessing = 0;
		};
		17471E4827ECC3FF005A6E28 /* Sources */ = {
			isa = PBXSourcesBuildPhase;
			buildActionMask = 2147483647;
			files = (
				17471E5327ECC3FF005A6E28 /* Tests_macOSLaunchTests.swift in Sources */,
				17471E5127ECC3FF005A6E28 /* Tests_macOS.swift in Sources */,
			);
			runOnlyForDeploymentPostprocessing = 0;
		};
/* End PBXSourcesBuildPhase section */

/* Begin PBXTargetDependency section */
		17471E4227ECC3FF005A6E28 /* PBXTargetDependency */ = {
			isa = PBXTargetDependency;
			target = 17471E3227ECC3FF005A6E28 /* TimerInterval (iOS) */;
			targetProxy = 17471E4127ECC3FF005A6E28 /* PBXContainerItemProxy */;
		};
		17471E4E27ECC3FF005A6E28 /* PBXTargetDependency */ = {
			isa = PBXTargetDependency;
			target = 17471E3827ECC3FF005A6E28 /* TimerInterval (macOS) */;
			targetProxy = 17471E4D27ECC3FF005A6E28 /* PBXContainerItemProxy */;
		};
/* End PBXTargetDependency section */

/* Begin XCBuildConfiguration section */
		17471E5A27ECC3FF005A6E28 /* Debug */ = {
			isa = XCBuildConfiguration;
			buildSettings = {
				ALWAYS_SEARCH_USER_PATHS = NO;
				CLANG_ANALYZER_NONNULL = YES;
				CLANG_ANALYZER_NUMBER_OBJECT_CONVERSION = YES_AGGRESSIVE;
				CLANG_CXX_LANGUAGE_STANDARD = "gnu++17";
				CLANG_ENABLE_MODULES = YES;
				CLANG_ENABLE_OBJC_ARC = YES;
				CLANG_ENABLE_OBJC_WEAK = YES;
				CLANG_WARN_BLOCK_CAPTURE_AUTORELEASING = YES;
				CLANG_WARN_BOOL_CONVERSION = YES;
				CLANG_WARN_COMMA = YES;
				CLANG_WARN_CONSTANT_CONVERSION = YES;
				CLANG_WARN_DEPRECATED_OBJC_IMPLEMENTATIONS = YES;
				CLANG_WARN_DIRECT_OBJC_ISA_USAGE = YES_ERROR;
				CLANG_WARN_DOCUMENTATION_COMMENTS = YES;
				CLANG_WARN_EMPTY_BODY = YES;
				CLANG_WARN_ENUM_CONVERSION = YES;
				CLANG_WARN_INFINITE_RECURSION = YES;
				CLANG_WARN_INT_CONVERSION = YES;
				CLANG_WARN_NON_LITERAL_NULL_CONVERSION = YES;
				CLANG_WARN_OBJC_IMPLICIT_RETAIN_SELF = YES;
				CLANG_WARN_OBJC_LITERAL_CONVERSION = YES;
				CLANG_WARN_OBJC_ROOT_CLASS = YES_ERROR;
				CLANG_WARN_QUOTED_INCLUDE_IN_FRAMEWORK_HEADER = YES;
				CLANG_WARN_RANGE_LOOP_ANALYSIS = YES;
				CLANG_WARN_STRICT_PROTOTYPES = YES;
				CLANG_WARN_SUSPICIOUS_MOVE = YES;
				CLANG_WARN_UNGUARDED_AVAILABILITY = YES_AGGRESSIVE;
				CLANG_WARN_UNREACHABLE_CODE = YES;
				CLANG_WARN__DUPLICATE_METHOD_MATCH = YES;
				COPY_PHASE_STRIP = NO;
				DEBUG_INFORMATION_FORMAT = dwarf;
				ENABLE_STRICT_OBJC_MSGSEND = YES;
				ENABLE_TESTABILITY = YES;
				GCC_C_LANGUAGE_STANDARD = gnu11;
				GCC_DYNAMIC_NO_PIC = NO;
				GCC_NO_COMMON_BLOCKS = YES;
				GCC_OPTIMIZATION_LEVEL = 0;
				GCC_PREPROCESSOR_DEFINITIONS = (
					"DEBUG=1",
					"$(inherited)",
				);
				GCC_WARN_64_TO_32_BIT_CONVERSION = YES;
				GCC_WARN_ABOUT_RETURN_TYPE = YES_ERROR;
				GCC_WARN_UNDECLARED_SELECTOR = YES;
				GCC_WARN_UNINITIALIZED_AUTOS = YES_AGGRESSIVE;
				GCC_WARN_UNUSED_FUNCTION = YES;
				GCC_WARN_UNUSED_VARIABLE = YES;
				MTL_ENABLE_DEBUG_INFO = INCLUDE_SOURCE;
				MTL_FAST_MATH = YES;
				ONLY_ACTIVE_ARCH = YES;
				SWIFT_ACTIVE_COMPILATION_CONDITIONS = DEBUG;
				SWIFT_OPTIMIZATION_LEVEL = "-Onone";
			};
			name = Debug;
		};
		17471E5B27ECC3FF005A6E28 /* Release */ = {
			isa = XCBuildConfiguration;
			buildSettings = {
				ALWAYS_SEARCH_USER_PATHS = NO;
				CLANG_ANALYZER_NONNULL = YES;
				CLANG_ANALYZER_NUMBER_OBJECT_CONVERSION = YES_AGGRESSIVE;
				CLANG_CXX_LANGUAGE_STANDARD = "gnu++17";
				CLANG_ENABLE_MODULES = YES;
				CLANG_ENABLE_OBJC_ARC = YES;
				CLANG_ENABLE_OBJC_WEAK = YES;
				CLANG_WARN_BLOCK_CAPTURE_AUTORELEASING = YES;
				CLANG_WARN_BOOL_CONVERSION = YES;
				CLANG_WARN_COMMA = YES;
				CLANG_WARN_CONSTANT_CONVERSION = YES;
				CLANG_WARN_DEPRECATED_OBJC_IMPLEMENTATIONS = YES;
				CLANG_WARN_DIRECT_OBJC_ISA_USAGE = YES_ERROR;
				CLANG_WARN_DOCUMENTATION_COMMENTS = YES;
				CLANG_WARN_EMPTY_BODY = YES;
				CLANG_WARN_ENUM_CONVERSION = YES;
				CLANG_WARN_INFINITE_RECURSION = YES;
				CLANG_WARN_INT_CONVERSION = YES;
				CLANG_WARN_NON_LITERAL_NULL_CONVERSION = YES;
				CLANG_WARN_OBJC_IMPLICIT_RETAIN_SELF = YES;
				CLANG_WARN_OBJC_LITERAL_CONVERSION = YES;
				CLANG_WARN_OBJC_ROOT_CLASS = YES_ERROR;
				CLANG_WARN_QUOTED_INCLUDE_IN_FRAMEWORK_HEADER = YES;
				CLANG_WARN_RANGE_LOOP_ANALYSIS = YES;
				CLANG_WARN_STRICT_PROTOTYPES = YES;
				CLANG_WARN_SUSPICIOUS_MOVE = YES;
				CLANG_WARN_UNGUARDED_AVAILABILITY = YES_AGGRESSIVE;
				CLANG_WARN_UNREACHABLE_CODE = YES;
				CLANG_WARN__DUPLICATE_METHOD_MATCH = YES;
				COPY_PHASE_STRIP = NO;
				DEBUG_INFORMATION_FORMAT = "dwarf-with-dsym";
				ENABLE_NS_ASSERTIONS = NO;
				ENABLE_STRICT_OBJC_MSGSEND = YES;
				GCC_C_LANGUAGE_STANDARD = gnu11;
				GCC_NO_COMMON_BLOCKS = YES;
				GCC_WARN_64_TO_32_BIT_CONVERSION = YES;
				GCC_WARN_ABOUT_RETURN_TYPE = YES_ERROR;
				GCC_WARN_UNDECLARED_SELECTOR = YES;
				GCC_WARN_UNINITIALIZED_AUTOS = YES_AGGRESSIVE;
				GCC_WARN_UNUSED_FUNCTION = YES;
				GCC_WARN_UNUSED_VARIABLE = YES;
				MTL_ENABLE_DEBUG_INFO = NO;
				MTL_FAST_MATH = YES;
				SWIFT_COMPILATION_MODE = wholemodule;
				SWIFT_OPTIMIZATION_LEVEL = "-O";
			};
			name = Release;
		};
		17471E5D27ECC3FF005A6E28 /* Debug */ = {
			isa = XCBuildConfiguration;
			buildSettings = {
				ASSETCATALOG_COMPILER_APPICON_NAME = AppIcon;
				ASSETCATALOG_COMPILER_GLOBAL_ACCENT_COLOR_NAME = AccentColor;
				CODE_SIGN_STYLE = Automatic;
				CURRENT_PROJECT_VERSION = 1;
				DEVELOPMENT_TEAM = Z93SX7J6TB;
				ENABLE_PREVIEWS = YES;
				GENERATE_INFOPLIST_FILE = YES;
				INFOPLIST_KEY_UIApplicationSceneManifest_Generation = YES;
				INFOPLIST_KEY_UIApplicationSupportsIndirectInputEvents = YES;
				INFOPLIST_KEY_UILaunchScreen_Generation = YES;
				INFOPLIST_KEY_UISupportedInterfaceOrientations_iPad = "UIInterfaceOrientationPortrait UIInterfaceOrientationPortraitUpsideDown UIInterfaceOrientationLandscapeLeft UIInterfaceOrientationLandscapeRight";
				INFOPLIST_KEY_UISupportedInterfaceOrientations_iPhone = "UIInterfaceOrientationPortrait UIInterfaceOrientationLandscapeLeft UIInterfaceOrientationLandscapeRight";
				IPHONEOS_DEPLOYMENT_TARGET = 15.4;
				LD_RUNPATH_SEARCH_PATHS = (
					"$(inherited)",
					"@executable_path/Frameworks",
				);
				MARKETING_VERSION = 1.0;
				PRODUCT_BUNDLE_IDENTIFIER = kevinstechler.TimerInterval;
				PRODUCT_NAME = TimerInterval;
				SDKROOT = iphoneos;
				SWIFT_EMIT_LOC_STRINGS = YES;
				SWIFT_VERSION = 5.0;
				TARGETED_DEVICE_FAMILY = 1;
			};
			name = Debug;
		};
		17471E5E27ECC3FF005A6E28 /* Release */ = {
			isa = XCBuildConfiguration;
			buildSettings = {
				ASSETCATALOG_COMPILER_APPICON_NAME = AppIcon;
				ASSETCATALOG_COMPILER_GLOBAL_ACCENT_COLOR_NAME = AccentColor;
				CODE_SIGN_STYLE = Automatic;
				CURRENT_PROJECT_VERSION = 1;
				DEVELOPMENT_TEAM = Z93SX7J6TB;
				ENABLE_PREVIEWS = YES;
				GENERATE_INFOPLIST_FILE = YES;
				INFOPLIST_KEY_UIApplicationSceneManifest_Generation = YES;
				INFOPLIST_KEY_UIApplicationSupportsIndirectInputEvents = YES;
				INFOPLIST_KEY_UILaunchScreen_Generation = YES;
				INFOPLIST_KEY_UISupportedInterfaceOrientations_iPad = "UIInterfaceOrientationPortrait UIInterfaceOrientationPortraitUpsideDown UIInterfaceOrientationLandscapeLeft UIInterfaceOrientationLandscapeRight";
				INFOPLIST_KEY_UISupportedInterfaceOrientations_iPhone = "UIInterfaceOrientationPortrait UIInterfaceOrientationLandscapeLeft UIInterfaceOrientationLandscapeRight";
				IPHONEOS_DEPLOYMENT_TARGET = 15.4;
				LD_RUNPATH_SEARCH_PATHS = (
					"$(inherited)",
					"@executable_path/Frameworks",
				);
				MARKETING_VERSION = 1.0;
				PRODUCT_BUNDLE_IDENTIFIER = kevinstechler.TimerInterval;
				PRODUCT_NAME = TimerInterval;
				SDKROOT = iphoneos;
				SWIFT_EMIT_LOC_STRINGS = YES;
				SWIFT_VERSION = 5.0;
				TARGETED_DEVICE_FAMILY = 1;
				VALIDATE_PRODUCT = YES;
			};
			name = Release;
		};
		17471E6027ECC3FF005A6E28 /* Debug */ = {
			isa = XCBuildConfiguration;
			buildSettings = {
				ASSETCATALOG_COMPILER_APPICON_NAME = AppIcon;
				ASSETCATALOG_COMPILER_GLOBAL_ACCENT_COLOR_NAME = AccentColor;
				CODE_SIGN_ENTITLEMENTS = macOS/macOS.entitlements;
				CODE_SIGN_STYLE = Automatic;
				COMBINE_HIDPI_IMAGES = YES;
				CURRENT_PROJECT_VERSION = 1;
				DEVELOPMENT_TEAM = Z93SX7J6TB;
				ENABLE_HARDENED_RUNTIME = YES;
				ENABLE_PREVIEWS = YES;
				GENERATE_INFOPLIST_FILE = YES;
				INFOPLIST_KEY_NSHumanReadableCopyright = "";
				LD_RUNPATH_SEARCH_PATHS = (
					"$(inherited)",
					"@executable_path/../Frameworks",
				);
				MACOSX_DEPLOYMENT_TARGET = 12.2;
				MARKETING_VERSION = 1.0;
				PRODUCT_BUNDLE_IDENTIFIER = kevinstechler.TimerInterval;
				PRODUCT_NAME = TimerInterval;
				SDKROOT = macosx;
				SWIFT_EMIT_LOC_STRINGS = YES;
				SWIFT_VERSION = 5.0;
			};
			name = Debug;
		};
		17471E6127ECC3FF005A6E28 /* Release */ = {
			isa = XCBuildConfiguration;
			buildSettings = {
				ASSETCATALOG_COMPILER_APPICON_NAME = AppIcon;
				ASSETCATALOG_COMPILER_GLOBAL_ACCENT_COLOR_NAME = AccentColor;
				CODE_SIGN_ENTITLEMENTS = macOS/macOS.entitlements;
				CODE_SIGN_STYLE = Automatic;
				COMBINE_HIDPI_IMAGES = YES;
				CURRENT_PROJECT_VERSION = 1;
				DEVELOPMENT_TEAM = Z93SX7J6TB;
				ENABLE_HARDENED_RUNTIME = YES;
				ENABLE_PREVIEWS = YES;
				GENERATE_INFOPLIST_FILE = YES;
				INFOPLIST_KEY_NSHumanReadableCopyright = "";
				LD_RUNPATH_SEARCH_PATHS = (
					"$(inherited)",
					"@executable_path/../Frameworks",
				);
				MACOSX_DEPLOYMENT_TARGET = 12.2;
				MARKETING_VERSION = 1.0;
				PRODUCT_BUNDLE_IDENTIFIER = kevinstechler.TimerInterval;
				PRODUCT_NAME = TimerInterval;
				SDKROOT = macosx;
				SWIFT_EMIT_LOC_STRINGS = YES;
				SWIFT_VERSION = 5.0;
			};
			name = Release;
		};
		17471E6327ECC3FF005A6E28 /* Debug */ = {
			isa = XCBuildConfiguration;
			buildSettings = {
				ALWAYS_EMBED_SWIFT_STANDARD_LIBRARIES = YES;
				CODE_SIGN_STYLE = Automatic;
				CURRENT_PROJECT_VERSION = 1;
				DEVELOPMENT_TEAM = Z93SX7J6TB;
				GENERATE_INFOPLIST_FILE = YES;
				IPHONEOS_DEPLOYMENT_TARGET = 15.4;
				MARKETING_VERSION = 1.0;
				PRODUCT_BUNDLE_IDENTIFIER = "kevinstechler.Tests-iOS";
				PRODUCT_NAME = "$(TARGET_NAME)";
				SDKROOT = iphoneos;
				SWIFT_EMIT_LOC_STRINGS = NO;
				SWIFT_VERSION = 5.0;
				TARGETED_DEVICE_FAMILY = "1,2";
				TEST_TARGET_NAME = "TimerInterval (iOS)";
			};
			name = Debug;
		};
		17471E6427ECC3FF005A6E28 /* Release */ = {
			isa = XCBuildConfiguration;
			buildSettings = {
				ALWAYS_EMBED_SWIFT_STANDARD_LIBRARIES = YES;
				CODE_SIGN_STYLE = Automatic;
				CURRENT_PROJECT_VERSION = 1;
				DEVELOPMENT_TEAM = Z93SX7J6TB;
				GENERATE_INFOPLIST_FILE = YES;
				IPHONEOS_DEPLOYMENT_TARGET = 15.4;
				MARKETING_VERSION = 1.0;
				PRODUCT_BUNDLE_IDENTIFIER = "kevinstechler.Tests-iOS";
				PRODUCT_NAME = "$(TARGET_NAME)";
				SDKROOT = iphoneos;
				SWIFT_EMIT_LOC_STRINGS = NO;
				SWIFT_VERSION = 5.0;
				TARGETED_DEVICE_FAMILY = "1,2";
				TEST_TARGET_NAME = "TimerInterval (iOS)";
				VALIDATE_PRODUCT = YES;
			};
			name = Release;
		};
		17471E6627ECC3FF005A6E28 /* Debug */ = {
			isa = XCBuildConfiguration;
			buildSettings = {
				ALWAYS_EMBED_SWIFT_STANDARD_LIBRARIES = YES;
				CODE_SIGN_STYLE = Automatic;
				CURRENT_PROJECT_VERSION = 1;
				DEVELOPMENT_TEAM = Z93SX7J6TB;
				GENERATE_INFOPLIST_FILE = YES;
				MACOSX_DEPLOYMENT_TARGET = 12.2;
				MARKETING_VERSION = 1.0;
				PRODUCT_BUNDLE_IDENTIFIER = "kevinstechler.Tests-macOS";
				PRODUCT_NAME = "$(TARGET_NAME)";
				SDKROOT = macosx;
				SWIFT_EMIT_LOC_STRINGS = NO;
				SWIFT_VERSION = 5.0;
				TEST_TARGET_NAME = "TimerInterval (macOS)";
			};
			name = Debug;
		};
		17471E6727ECC3FF005A6E28 /* Release */ = {
			isa = XCBuildConfiguration;
			buildSettings = {
				ALWAYS_EMBED_SWIFT_STANDARD_LIBRARIES = YES;
				CODE_SIGN_STYLE = Automatic;
				CURRENT_PROJECT_VERSION = 1;
				DEVELOPMENT_TEAM = Z93SX7J6TB;
				GENERATE_INFOPLIST_FILE = YES;
				MACOSX_DEPLOYMENT_TARGET = 12.2;
				MARKETING_VERSION = 1.0;
				PRODUCT_BUNDLE_IDENTIFIER = "kevinstechler.Tests-macOS";
				PRODUCT_NAME = "$(TARGET_NAME)";
				SDKROOT = macosx;
				SWIFT_EMIT_LOC_STRINGS = NO;
				SWIFT_VERSION = 5.0;
				TEST_TARGET_NAME = "TimerInterval (macOS)";
			};
			name = Release;
		};
/* End XCBuildConfiguration section */

/* Begin XCConfigurationList section */
		17471E2A27ECC3FE005A6E28 /* Build configuration list for PBXProject "TimerInterval" */ = {
			isa = XCConfigurationList;
			buildConfigurations = (
				17471E5A27ECC3FF005A6E28 /* Debug */,
				17471E5B27ECC3FF005A6E28 /* Release */,
			);
			defaultConfigurationIsVisible = 0;
			defaultConfigurationName = Release;
		};
		17471E5C27ECC3FF005A6E28 /* Build configuration list for PBXNativeTarget "TimerInterval (iOS)" */ = {
			isa = XCConfigurationList;
			buildConfigurations = (
				17471E5D27ECC3FF005A6E28 /* Debug */,
				17471E5E27ECC3FF005A6E28 /* Release */,
			);
			defaultConfigurationIsVisible = 0;
			defaultConfigurationName = Release;
		};
		17471E5F27ECC3FF005A6E28 /* Build configuration list for PBXNativeTarget "TimerInterval (macOS)" */ = {
			isa = XCConfigurationList;
			buildConfigurations = (
				17471E6027ECC3FF005A6E28 /* Debug */,
				17471E6127ECC3FF005A6E28 /* Release */,
			);
			defaultConfigurationIsVisible = 0;
			defaultConfigurationName = Release;
		};
		17471E6227ECC3FF005A6E28 /* Build configuration list for PBXNativeTarget "Tests iOS" */ = {
			isa = XCConfigurationList;
			buildConfigurations = (
				17471E6327ECC3FF005A6E28 /* Debug */,
				17471E6427ECC3FF005A6E28 /* Release */,
			);
			defaultConfigurationIsVisible = 0;
			defaultConfigurationName = Release;
		};
		17471E6527ECC3FF005A6E28 /* Build configuration list for PBXNativeTarget "Tests macOS" */ = {
			isa = XCConfigurationList;
			buildConfigurations = (
				17471E6627ECC3FF005A6E28 /* Debug */,
				17471E6727ECC3FF005A6E28 /* Release */,
			);
			defaultConfigurationIsVisible = 0;
			defaultConfigurationName = Release;
		};
/* End XCConfigurationList section */
	};
	rootObject = 17471E2727ECC3FE005A6E28 /* Project object */;
}
